
Microsoft Visual Studio Solution File, Format Version 12.00
# Visual Studio 15
VisualStudioVersion = 15.0.26124.0
MinimumVisualStudioVersion = 15.0.26124.0
Project("{2150E333-8FDC-42A3-9474-1A3956D46DE8}") = "Shared", "Shared", "{0A4DEF8D-3676-4898-924F-9B5DA1DC09CB}"
EndProject
Project("{FAE04EC0-301F-11D3-BF4B-00C04F79EFBC}") = "Plugin.BlurScreen.Abstractions", "Plugin.BlurScreen.Abstractions\Plugin.BlurScreen.Abstractions.csproj", "{6ECF423A-FF4C-4416-B8AE-94E3080C113C}"
EndProject
Project("{2150E333-8FDC-42A3-9474-1A3956D46DE8}") = "Apple", "Apple", "{2B27828F-0BC9-4E07-91FA-1504D8B1BA8F}"
EndProject
Project("{FAE04EC0-301F-11D3-BF4B-00C04F79EFBC}") = "Plugin.BlurScreen.iOS", "Plugin.BlurScreen.iOS\Plugin.BlurScreen.iOS.csproj", "{B04B3EAB-1E9C-48A9-B521-14007C3BB1AF}"
EndProject
Project("{2150E333-8FDC-42A3-9474-1A3956D46DE8}") = "Android", "Android", "{143418F5-B8C8-431D-A685-974EA7C34389}"
EndProject
Project("{FAE04EC0-301F-11D3-BF4B-00C04F79EFBC}") = "Plugin.BlurScreen.Android", "Plugin.BlurScreen.Android\Plugin.BlurScreen.Android.csproj", "{00BD7384-A663-4857-A86F-827ED364171D}"
EndProject
Project("{2150E333-8FDC-42A3-9474-1A3956D46DE8}") = "Solution Items", "Solution Items", "{C5BA1448-7B96-4AF9-A7A5-7EC7467B0D6D}"
	ProjectSection(SolutionItems) = preProject
		..\nuget\Plugin.nuspec = ..\nuget\Plugin.nuspec
	EndProjectSection
EndProject
Project("{FAE04EC0-301F-11D3-BF4B-00C04F79EFBC}") = "Plugin.BlurScreen", "Plugin.BlurScreen\Plugin.BlurScreen.csproj", "{B4EBE807-D5E3-4F57-9E59-1CAA4703B823}"
EndProject
Global
	GlobalSection(SolutionConfigurationPlatforms) = preSolution
		Debug|Any CPU = Debug|Any CPU
		Debug|x64 = Debug|x64
		Debug|x86 = Debug|x86
		Release|Any CPU = Release|Any CPU
		Release|x64 = Release|x64
		Release|x86 = Release|x86
	EndGlobalSection
	GlobalSection(SolutionProperties) = preSolution
		HideSolutionNode = FALSE
	EndGlobalSection
	GlobalSection(ProjectConfigurationPlatforms) = postSolution
		{6ECF423A-FF4C-4416-B8AE-94E3080C113C}.Debug|Any CPU.ActiveCfg = Debug|Any CPU
		{6ECF423A-FF4C-4416-B8AE-94E3080C113C}.Debug|Any CPU.Build.0 = Debug|Any CPU
		{6ECF423A-FF4C-4416-B8AE-94E3080C113C}.Debug|x64.ActiveCfg = Debug|Any CPU
		{6ECF423A-FF4C-4416-B8AE-94E3080C113C}.Debug|x64.Build.0 = Debug|Any CPU
		{6ECF423A-FF4C-4416-B8AE-94E3080C113C}.Debug|x86.ActiveCfg = Debug|Any CPU
		{6ECF423A-FF4C-4416-B8AE-94E3080C113C}.Debug|x86.Build.0 = Debug|Any CPU
		{6ECF423A-FF4C-4416-B8AE-94E3080C113C}.Release|Any CPU.ActiveCfg = Release|Any CPU
		{6ECF423A-FF4C-4416-B8AE-94E3080C113C}.Release|Any CPU.Build.0 = Release|Any CPU
		{6ECF423A-FF4C-4416-B8AE-94E3080C113C}.Release|x64.ActiveCfg = Release|Any CPU
		{6ECF423A-FF4C-4416-B8AE-94E3080C113C}.Release|x64.Build.0 = Release|Any CPU
		{6ECF423A-FF4C-4416-B8AE-94E3080C113C}.Release|x86.ActiveCfg = Release|Any CPU
		{6ECF423A-FF4C-4416-B8AE-94E3080C113C}.Release|x86.Build.0 = Release|Any CPU
		{B04B3EAB-1E9C-48A9-B521-14007C3BB1AF}.Debug|Any CPU.ActiveCfg = Debug|Any CPU
		{B04B3EAB-1E9C-48A9-B521-14007C3BB1AF}.Debug|Any CPU.Build.0 = Debug|Any CPU
		{B04B3EAB-1E9C-48A9-B521-14007C3BB1AF}.Debug|x64.ActiveCfg = Debug|Any CPU
		{B04B3EAB-1E9C-48A9-B521-14007C3BB1AF}.Debug|x64.Build.0 = Debug|Any CPU
		{B04B3EAB-1E9C-48A9-B521-14007C3BB1AF}.Debug|x86.ActiveCfg = Debug|Any CPU
		{B04B3EAB-1E9C-48A9-B521-14007C3BB1AF}.Debug|x86.Build.0 = Debug|Any CPU
		{B04B3EAB-1E9C-48A9-B521-14007C3BB1AF}.Release|Any CPU.ActiveCfg = Release|Any CPU
		{B04B3EAB-1E9C-48A9-B521-14007C3BB1AF}.Release|Any CPU.Build.0 = Release|Any CPU
		{B04B3EAB-1E9C-48A9-B521-14007C3BB1AF}.Release|x64.ActiveCfg = Release|Any CPU
		{B04B3EAB-1E9C-48A9-B521-14007C3BB1AF}.Release|x64.Build.0 = Release|Any CPU
		{B04B3EAB-1E9C-48A9-B521-14007C3BB1AF}.Release|x86.ActiveCfg = Release|Any CPU
		{B04B3EAB-1E9C-48A9-B521-14007C3BB1AF}.Release|x86.Build.0 = Release|Any CPU
		{00BD7384-A663-4857-A86F-827ED364171D}.Debug|Any CPU.ActiveCfg = Debug|Any CPU
		{00BD7384-A663-4857-A86F-827ED364171D}.Debug|Any CPU.Build.0 = Debug|Any CPU
		{00BD7384-A663-4857-A86F-827ED364171D}.Debug|x64.ActiveCfg = Debug|Any CPU
		{00BD7384-A663-4857-A86F-827ED364171D}.Debug|x64.Build.0 = Debug|Any CPU
		{00BD7384-A663-4857-A86F-827ED364171D}.Debug|x86.ActiveCfg = Debug|Any CPU
		{00BD7384-A663-4857-A86F-827ED364171D}.Debug|x86.Build.0 = Debug|Any CPU
		{00BD7384-A663-4857-A86F-827ED364171D}.Release|Any CPU.ActiveCfg = Release|Any CPU
		{00BD7384-A663-4857-A86F-827ED364171D}.Release|Any CPU.Build.0 = Release|Any CPU
		{00BD7384-A663-4857-A86F-827ED364171D}.Release|x64.ActiveCfg = Release|Any CPU
		{00BD7384-A663-4857-A86F-827ED364171D}.Release|x64.Build.0 = Release|Any CPU
		{00BD7384-A663-4857-A86F-827ED364171D}.Release|x86.ActiveCfg = Release|Any CPU
		{00BD7384-A663-4857-A86F-827ED364171D}.Release|x86.Build.0 = Release|Any CPU
		{B4EBE807-D5E3-4F57-9E59-1CAA4703B823}.Debug|Any CPU.ActiveCfg = Debug|Any CPU
		{B4EBE807-D5E3-4F57-9E59-1CAA4703B823}.Debug|Any CPU.Build.0 = Debug|Any CPU
		{B4EBE807-D5E3-4F57-9E59-1CAA4703B823}.Debug|x64.ActiveCfg = Debug|Any CPU
		{B4EBE807-D5E3-4F57-9E59-1CAA4703B823}.Debug|x64.Build.0 = Debug|Any CPU
		{B4EBE807-D5E3-4F57-9E59-1CAA4703B823}.Debug|x86.ActiveCfg = Debug|Any CPU
		{B4EBE807-D5E3-4F57-9E59-1CAA4703B823}.Debug|x86.Build.0 = Debug|Any CPU
		{B4EBE807-D5E3-4F57-9E59-1CAA4703B823}.Release|Any CPU.ActiveCfg = Release|Any CPU
		{B4EBE807-D5E3-4F57-9E59-1CAA4703B823}.Release|Any CPU.Build.0 = Release|Any CPU
		{B4EBE807-D5E3-4F57-9E59-1CAA4703B823}.Release|x64.ActiveCfg = Release|Any CPU
		{B4EBE807-D5E3-4F57-9E59-1CAA4703B823}.Release|x64.Build.0 = Release|Any CPU
		{B4EBE807-D5E3-4F57-9E59-1CAA4703B823}.Release|x86.ActiveCfg = Release|Any CPU
		{B4EBE807-D5E3-4F57-9E59-1CAA4703B823}.Release|x86.Build.0 = Release|Any CPU
	EndGlobalSection
	GlobalSection(NestedProjects) = preSolution
		{6ECF423A-FF4C-4416-B8AE-94E3080C113C} = {0A4DEF8D-3676-4898-924F-9B5DA1DC09CB}
		{B04B3EAB-1E9C-48A9-B521-14007C3BB1AF} = {2B27828F-0BC9-4E07-91FA-1504D8B1BA8F}
		{00BD7384-A663-4857-A86F-827ED364171D} = {143418F5-B8C8-431D-A685-974EA7C34389}
		{B4EBE807-D5E3-4F57-9E59-1CAA4703B823} = {0A4DEF8D-3676-4898-924F-9B5DA1DC09CB}
	EndGlobalSection
EndGlobal
